<?xml version="1.0" encoding="utf-8"?>
<Project ToolsVersion="4.0" xmlns="http://schemas.microsoft.com/developer/msbuild/2003">
  <ItemGroup>
    <Filter Include="Source Files">
      <UniqueIdentifier>{4FC737F1-C7A5-4376-A066-2A32D752A2FF}</UniqueIdentifier>
      <Extensions>cpp;c;cc;cxx;def;odl;idl;hpj;bat;asm;asmx</Extensions>
    </Filter>
    <Filter Include="Header Files">
      <UniqueIdentifier>{93995380-89BD-4b04-88EB-625FBE52EBFB}</UniqueIdentifier>
      <Extensions>h;hpp;hxx;hm;inl;inc;xsd</Extensions>
    </Filter>
    <Filter Include="Resource Files">
      <UniqueIdentifier>{67DA6AB6-F800-4c08-8B7A-83BB121AAD01}</UniqueIdentifier>
      <Extensions>rc;ico;cur;bmp;dlg;rc2;rct;bin;rgs;gif;jpg;jpeg;jpe;resx;tiff;tif;png;wav;mfcribbon-ms</Extensions>
    </Filter>
    <Filter Include="Driver Files">
      <UniqueIdentifier>{8E41214B-6785-4CFE-B992-037D68949A14}</UniqueIdentifier>
      <Extensions>inf;inv;inx;mof;mc;</Extensions>
    </Filter>
    <Filter Include="Definitions">
      <UniqueIdentifier>{a649e4ca-1303-47f6-a8d9-2b8c7b47dd9b}</UniqueIdentifier>
    </Filter>
    <Filter Include="Source Files\Base">
      <UniqueIdentifier>{a654031e-0d43-4149-80cb-01ad5379a2bd}</UniqueIdentifier>
    </Filter>
    <Filter Include="Header Files\Base">
      <UniqueIdentifier>{60ba8fa2-9f01-4b68-a6cc-d098c82b48d2}</UniqueIdentifier>
    </Filter>
  </ItemGroup>
  <ItemGroup>
    <Inf Include="MSKernel.inf">
      <Filter>Driver Files</Filter>
    </Inf>
  </ItemGroup>
  <ItemGroup>
    <ClCompile Include="main.c">
      <Filter>Source Files</Filter>
    </ClCompile>
    <ClCompile Include="Modification.c">
      <Filter>Source Files</Filter>
    </ClCompile>
    <ClCompile Include="ObRegisterCallbacks.c">
      <Filter>Source Files\Base</Filter>
    </ClCompile>
    <ClCompile Include="Util.c">
      <Filter>Source Files\Base</Filter>
    </ClCompile>
    <ClCompile Include="HashMap.c">
      <Filter>Source Files\Base</Filter>
    </ClCompile>
    <ClCompile Include="IOCTL.c">
      <Filter>Source Files\Base</Filter>
    </ClCompile>
    <ClCompile Include="Definitions.c">
      <Filter>Source Files\Base</Filter>
    </ClCompile>
    <ClCompile Include="Memory.c">
      <Filter>Source Files\Base</Filter>
    </ClCompile>
  </ItemGroup>
  <ItemGroup>
    <ClInclude Include="Modification.h">
      <Filter>Header Files</Filter>
    </ClInclude>
    <ClInclude Include="ObRegisterCallbacks.h">
      <Filter>Header Files\Base</Filter>
    </ClInclude>
    <ClInclude Include="Util.h">
      <Filter>Header Files\Base</Filter>
    </ClInclude>
    <ClInclude Include="HashMap.h">
      <Filter>Header Files\Base</Filter>
    </ClInclude>
    <ClInclude Include="IOCTL.h">
      <Filter>Header Files\Base</Filter>
    </ClInclude>
    <ClInclude Include="Definitions.h">
      <Filter>Header Files\Base</Filter>
    </ClInclude>
    <ClInclude Include="Definitions_Struct.h">
      <Filter>Header Files\Base</Filter>
    </ClInclude>
    <ClInclude Include="IOCTL_Definitions.h">
      <Filter>Header Files\Base</Filter>
    </ClInclude>
    <ClInclude Include="Logger.h">
      <Filter>Header Files\Base</Filter>
    </ClInclude>
    <ClInclude Include="Memory.h">
      <Filter>Header Files\Base</Filter>
    </ClInclude>
  </ItemGroup>
</Project>